
Microsoft Visual Studio Solution File, Format Version 12.00
# Visual Studio Version 17
VisualStudioVersion = 17.6.33815.320
MinimumVisualStudioVersion = 10.0.40219.1
Project("{FAE04EC0-301F-11D3-BF4B-00C04F79EFBC}") = "Bookify.Web", "Bookify.Web\Bookify.Web.csproj", "{6B7B40F9-FD8D-407C-AACF-9F7246CD0CD9}"
EndProject
Global
	GlobalSection(SolutionConfigurationPlatforms) = preSolution
		Debug|Any CPU = Debug|Any CPU
		Release|Any CPU = Release|Any CPU
	EndGlobalSection
	GlobalSection(ProjectConfigurationPlatforms) = postSolution
		{6B7B40F9-FD8D-407C-AACF-9F7246CD0CD9}.Debug|Any CPU.ActiveCfg = Debug|Any CPU
		{6B7B40F9-FD8D-407C-AACF-9F7246CD0CD9}.Debug|Any CPU.Build.0 = Debug|Any CPU
		{6B7B40F9-FD8D-407C-AACF-9F7246CD0CD9}.Release|Any CPU.ActiveCfg = Release|Any CPU
		{6B7B40F9-FD8D-407C-AACF-9F7246CD0CD9}.Release|Any CPU.Build.0 = Release|Any CPU
	EndGlobalSection
	GlobalSection(SolutionProperties) = preSolution
		HideSolutionNode = FALSE
	EndGlobalSection
	GlobalSection(ExtensibilityGlobals) = postSolution
		SolutionGuid = {EDD9AB2A-67C7-49B8-B954-778C51191E63}
	EndGlobalSection
EndGlobal
